
Microsoft Visual Studio Solution File, Format Version 12.00
# Visual Studio Version 16
VisualStudioVersion = 16.0.32126.315
MinimumVisualStudioVersion = 10.0.40219.1
Project("{9A19103F-16F7-4668-BE54-9A1E7A4F7556}") = "01. Lootbox", "CSharp Advanced Exam - 22 Feb 2020\01. Lootbox.csproj", "{E89C16CD-C1DD-4F44-8273-CA23E51D95B9}"
EndProject
Project("{9A19103F-16F7-4668-BE54-9A1E7A4F7556}") = "02. Re-Volt", "02. Re-Volt\02. Re-Volt.csproj", "{6D845C69-02F1-455E-AB49-AA1F641F9AA7}"
EndProject
Project("{9A19103F-16F7-4668-BE54-9A1E7A4F7556}") = "03. Guild", "03. Guild\03. Guild.csproj", "{3E9277AA-4747-4404-AD90-75B34E7FA305}"
EndProject
Project("{9A19103F-16F7-4668-BE54-9A1E7A4F7556}") = "GuildProblem", "Guild second Attempt\GuildProblem.csproj", "{92C545DC-C180-495C-81B9-1D600BC82139}"
EndProject
Project("{FAE04EC0-301F-11D3-BF4B-00C04F79EFBC}") = "Guild", "GuildThirdAttempt\Guild.csproj", "{B9ECD057-9333-42BB-BDC2-CA8482D88C60}"
EndProject
Global
	GlobalSection(SolutionConfigurationPlatforms) = preSolution
		Debug|Any CPU = Debug|Any CPU
		Release|Any CPU = Release|Any CPU
	EndGlobalSection
	GlobalSection(ProjectConfigurationPlatforms) = postSolution
		{E89C16CD-C1DD-4F44-8273-CA23E51D95B9}.Debug|Any CPU.ActiveCfg = Debug|Any CPU
		{E89C16CD-C1DD-4F44-8273-CA23E51D95B9}.Debug|Any CPU.Build.0 = Debug|Any CPU
		{E89C16CD-C1DD-4F44-8273-CA23E51D95B9}.Release|Any CPU.ActiveCfg = Release|Any CPU
		{E89C16CD-C1DD-4F44-8273-CA23E51D95B9}.Release|Any CPU.Build.0 = Release|Any CPU
		{6D845C69-02F1-455E-AB49-AA1F641F9AA7}.Debug|Any CPU.ActiveCfg = Debug|Any CPU
		{6D845C69-02F1-455E-AB49-AA1F641F9AA7}.Debug|Any CPU.Build.0 = Debug|Any CPU
		{6D845C69-02F1-455E-AB49-AA1F641F9AA7}.Release|Any CPU.ActiveCfg = Release|Any CPU
		{6D845C69-02F1-455E-AB49-AA1F641F9AA7}.Release|Any CPU.Build.0 = Release|Any CPU
		{3E9277AA-4747-4404-AD90-75B34E7FA305}.Debug|Any CPU.ActiveCfg = Debug|Any CPU
		{3E9277AA-4747-4404-AD90-75B34E7FA305}.Debug|Any CPU.Build.0 = Debug|Any CPU
		{3E9277AA-4747-4404-AD90-75B34E7FA305}.Release|Any CPU.ActiveCfg = Release|Any CPU
		{3E9277AA-4747-4404-AD90-75B34E7FA305}.Release|Any CPU.Build.0 = Release|Any CPU
		{92C545DC-C180-495C-81B9-1D600BC82139}.Debug|Any CPU.ActiveCfg = Debug|Any CPU
		{92C545DC-C180-495C-81B9-1D600BC82139}.Debug|Any CPU.Build.0 = Debug|Any CPU
		{92C545DC-C180-495C-81B9-1D600BC82139}.Release|Any CPU.ActiveCfg = Release|Any CPU
		{92C545DC-C180-495C-81B9-1D600BC82139}.Release|Any CPU.Build.0 = Release|Any CPU
		{B9ECD057-9333-42BB-BDC2-CA8482D88C60}.Debug|Any CPU.ActiveCfg = Debug|Any CPU
		{B9ECD057-9333-42BB-BDC2-CA8482D88C60}.Debug|Any CPU.Build.0 = Debug|Any CPU
		{B9ECD057-9333-42BB-BDC2-CA8482D88C60}.Release|Any CPU.ActiveCfg = Release|Any CPU
		{B9ECD057-9333-42BB-BDC2-CA8482D88C60}.Release|Any CPU.Build.0 = Release|Any CPU
	EndGlobalSection
	GlobalSection(SolutionProperties) = preSolution
		HideSolutionNode = FALSE
	EndGlobalSection
	GlobalSection(ExtensibilityGlobals) = postSolution
		SolutionGuid = {2FC7637D-7916-4909-959A-F5FB1F2C327A}
	EndGlobalSection
EndGlobal
